
Microsoft Visual Studio Solution File, Format Version 12.00
# Visual Studio Version 16
VisualStudioVersion = 16.0.30225.117
MinimumVisualStudioVersion = 10.0.40219.1
Project("{E24C65DC-7377-472B-9ABA-BC803B73C61A}") = "Crystal_Reports", "Crystal_Reports\", "{2B725D85-659B-4D7C-B614-41445A1531CE}"
	ProjectSection(WebsiteProperties) = preProject
		TargetFrameworkMoniker = ".NETFramework,Version%3Dv4.7.2"
		Debug.AspNetCompiler.VirtualPath = "/localhost_56619"
		Debug.AspNetCompiler.PhysicalPath = "Crystal_Reports\"
		Debug.AspNetCompiler.TargetPath = "PrecompiledWeb\localhost_56619\"
		Debug.AspNetCompiler.Updateable = "true"
		Debug.AspNetCompiler.ForceOverwrite = "true"
		Debug.AspNetCompiler.FixedNames = "false"
		Debug.AspNetCompiler.Debug = "True"
		Release.AspNetCompiler.VirtualPath = "/localhost_56619"
		Release.AspNetCompiler.PhysicalPath = "Crystal_Reports\"
		Release.AspNetCompiler.TargetPath = "PrecompiledWeb\localhost_56619\"
		Release.AspNetCompiler.Updateable = "true"
		Release.AspNetCompiler.ForceOverwrite = "true"
		Release.AspNetCompiler.FixedNames = "false"
		Release.AspNetCompiler.Debug = "False"
		VWDPort = "56619"
		SlnRelativePath = "Crystal_Reports\"
		DefaultWebSiteLanguage = "Visual C#"
	EndProjectSection
EndProject
Global
	GlobalSection(SolutionConfigurationPlatforms) = preSolution
		Debug|Any CPU = Debug|Any CPU
	EndGlobalSection
	GlobalSection(ProjectConfigurationPlatforms) = postSolution
		{2B725D85-659B-4D7C-B614-41445A1531CE}.Debug|Any CPU.ActiveCfg = Debug|Any CPU
		{2B725D85-659B-4D7C-B614-41445A1531CE}.Debug|Any CPU.Build.0 = Debug|Any CPU
	EndGlobalSection
	GlobalSection(SolutionProperties) = preSolution
		HideSolutionNode = FALSE
	EndGlobalSection
	GlobalSection(ExtensibilityGlobals) = postSolution
		SolutionGuid = {0FDEDF37-EDCB-42EA-9513-37E7090A7053}
	EndGlobalSection
EndGlobal
